// !$*UTF8*$!
{
	archiveVersion = 1;
	classes = {
	};
	objectVersion = 50;
	objects = {

/* Begin PBXBuildFile section */
		567DE08523B7D6C50079C385 /* AppDelegate.swift in Sources */ = {isa = PBXBuildFile; fileRef = 567DE08423B7D6C50079C385 /* AppDelegate.swift */; };
		567DE08723B7D6C50079C385 /* SceneDelegate.swift in Sources */ = {isa = PBXBuildFile; fileRef = 567DE08623B7D6C50079C385 /* SceneDelegate.swift */; };
		567DE08C23B7D6C50079C385 /* Main.storyboard in Resources */ = {isa = PBXBuildFile; fileRef = 567DE08A23B7D6C50079C385 /* Main.storyboard */; };
		567DE08E23B7D6CA0079C385 /* Assets.xcassets in Resources */ = {isa = PBXBuildFile; fileRef = 567DE08D23B7D6CA0079C385 /* Assets.xcassets */; };
		567DE09123B7D6CA0079C385 /* LaunchScreen.storyboard in Resources */ = {isa = PBXBuildFile; fileRef = 567DE08F23B7D6CA0079C385 /* LaunchScreen.storyboard */; };
		567DE09C23B7D6CA0079C385 /* TemplateTests.swift in Sources */ = {isa = PBXBuildFile; fileRef = 567DE09B23B7D6CA0079C385 /* TemplateTests.swift */; };
		567DE0A723B7D6CA0079C385 /* TemplateUITests.swift in Sources */ = {isa = PBXBuildFile; fileRef = 567DE0A623B7D6CA0079C385 /* TemplateUITests.swift */; };
		567DE0E223B7DC610079C385 /* Style.swift in Sources */ = {isa = PBXBuildFile; fileRef = 567DE0E123B7DC610079C385 /* Style.swift */; };
		567DE0E423B7E0150079C385 /* DateExtension.swift in Sources */ = {isa = PBXBuildFile; fileRef = 567DE0E323B7E0150079C385 /* DateExtension.swift */; };
		567DE0E623B7E1210079C385 /* Constants.swift in Sources */ = {isa = PBXBuildFile; fileRef = 567DE0E523B7E1210079C385 /* Constants.swift */; };
		567DE0E823B7EA3A0079C385 /* AlertExtension.swift in Sources */ = {isa = PBXBuildFile; fileRef = 567DE0E723B7EA3A0079C385 /* AlertExtension.swift */; };
		567DE0EA23BBC2CF0079C385 /* ExampleVC.swift in Sources */ = {isa = PBXBuildFile; fileRef = 567DE0E923BBC2CF0079C385 /* ExampleVC.swift */; };
		567DE0EC23BBC3050079C385 /* ExampleVC+UI.swift in Sources */ = {isa = PBXBuildFile; fileRef = 567DE0EB23BBC3050079C385 /* ExampleVC+UI.swift */; };
		567DE0EE23BD1EE90079C385 /* CustomButton.swift in Sources */ = {isa = PBXBuildFile; fileRef = 567DE0ED23BD1EE80079C385 /* CustomButton.swift */; };
		567DE0F023BD50360079C385 /* CustomTextField.swift in Sources */ = {isa = PBXBuildFile; fileRef = 567DE0EF23BD50360079C385 /* CustomTextField.swift */; };
		56AA256623BD677000177E48 /* UIViewControllerExtension.swift in Sources */ = {isa = PBXBuildFile; fileRef = 56AA256523BD677000177E48 /* UIViewControllerExtension.swift */; };
		56AA256823BD747A00177E48 /* DashboardTVC.swift in Sources */ = {isa = PBXBuildFile; fileRef = 56AA256723BD747A00177E48 /* DashboardTVC.swift */; };
		56AA256A23BD750500177E48 /* DashboardCard.swift in Sources */ = {isa = PBXBuildFile; fileRef = 56AA256923BD750500177E48 /* DashboardCard.swift */; };
		56AA256C23BD75A100177E48 /* DashboardTVC+UI.swift in Sources */ = {isa = PBXBuildFile; fileRef = 56AA256B23BD75A100177E48 /* DashboardTVC+UI.swift */; };
		56AA257023BD81AD00177E48 /* UIColorExtension.swift in Sources */ = {isa = PBXBuildFile; fileRef = 56AA256F23BD81AD00177E48 /* UIColorExtension.swift */; };
		56AA257823BE749500177E48 /* UIViewExtension.swift in Sources */ = {isa = PBXBuildFile; fileRef = 56AA257723BE749500177E48 /* UIViewExtension.swift */; };
		56AA257A23BE74F100177E48 /* UISearchBarExtension.swift in Sources */ = {isa = PBXBuildFile; fileRef = 56AA257923BE74F100177E48 /* UISearchBarExtension.swift */; };
		56AA257C23BE753500177E48 /* UIButtonExtension.swift in Sources */ = {isa = PBXBuildFile; fileRef = 56AA257B23BE753500177E48 /* UIButtonExtension.swift */; };
		56AA257E23BE766C00177E48 /* StringExtensions.swift in Sources */ = {isa = PBXBuildFile; fileRef = 56AA257D23BE766C00177E48 /* StringExtensions.swift */; };
		56AA258023BE76A000177E48 /* ErrorExtension.swift in Sources */ = {isa = PBXBuildFile; fileRef = 56AA257F23BE769F00177E48 /* ErrorExtension.swift */; };
		56AA258223BE771A00177E48 /* SpinnerExtension.swift in Sources */ = {isa = PBXBuildFile; fileRef = 56AA258123BE771A00177E48 /* SpinnerExtension.swift */; };
		56AA258423BE774400177E48 /* ArrayExtension.swift in Sources */ = {isa = PBXBuildFile; fileRef = 56AA258323BE774400177E48 /* ArrayExtension.swift */; };
		56AA258623BE777800177E48 /* ImageViewExtension.swift in Sources */ = {isa = PBXBuildFile; fileRef = 56AA258523BE777800177E48 /* ImageViewExtension.swift */; };
		56AA258823BE77CF00177E48 /* ConnectionManager.swift in Sources */ = {isa = PBXBuildFile; fileRef = 56AA258723BE77CF00177E48 /* ConnectionManager.swift */; };
		56AA258A23BE77FC00177E48 /* Reachability.swift in Sources */ = {isa = PBXBuildFile; fileRef = 56AA258923BE77FC00177E48 /* Reachability.swift */; };
		56AA258E23BE78A800177E48 /* FloatingButton.swift in Sources */ = {isa = PBXBuildFile; fileRef = 56AA258B23BE78A800177E48 /* FloatingButton.swift */; };
		56AA258F23BE78A800177E48 /* LoadingService.swift in Sources */ = {isa = PBXBuildFile; fileRef = 56AA258C23BE78A800177E48 /* LoadingService.swift */; };
		56AA259023BE78A800177E48 /* ImagePicker.swift in Sources */ = {isa = PBXBuildFile; fileRef = 56AA258D23BE78A800177E48 /* ImagePicker.swift */; };
		56AA259223BE7B3C00177E48 /* HideKeyboard.swift in Sources */ = {isa = PBXBuildFile; fileRef = 56AA259123BE7B3C00177E48 /* HideKeyboard.swift */; };
		56AA259423BE7F7500177E48 /* CustomView.swift in Sources */ = {isa = PBXBuildFile; fileRef = 56AA259323BE7F7500177E48 /* CustomView.swift */; };
		56B1A46E23BE986F00A636EB /* UITableViewExtension.swift in Sources */ = {isa = PBXBuildFile; fileRef = 56B1A46D23BE986F00A636EB /* UITableViewExtension.swift */; };
/* End PBXBuildFile section */

/* Begin PBXContainerItemProxy section */
		567DE09823B7D6CA0079C385 /* PBXContainerItemProxy */ = {
			isa = PBXContainerItemProxy;
			containerPortal = 567DE07923B7D6C50079C385 /* Project object */;
			proxyType = 1;
			remoteGlobalIDString = 567DE08023B7D6C50079C385;
			remoteInfo = Template;
		};
		567DE0A323B7D6CA0079C385 /* PBXContainerItemProxy */ = {
			isa = PBXContainerItemProxy;
			containerPortal = 567DE07923B7D6C50079C385 /* Project object */;
			proxyType = 1;
			remoteGlobalIDString = 567DE08023B7D6C50079C385;
			remoteInfo = Template;
		};
/* End PBXContainerItemProxy section */

/* Begin PBXFileReference section */
		567DE08123B7D6C50079C385 /* Template.app */ = {isa = PBXFileReference; explicitFileType = wrapper.application; includeInIndex = 0; path = Template.app; sourceTree = BUILT_PRODUCTS_DIR; };
		567DE08423B7D6C50079C385 /* AppDelegate.swift */ = {isa = PBXFileReference; lastKnownFileType = sourcecode.swift; path = AppDelegate.swift; sourceTree = "<group>"; };
		567DE08623B7D6C50079C385 /* SceneDelegate.swift */ = {isa = PBXFileReference; lastKnownFileType = sourcecode.swift; path = SceneDelegate.swift; sourceTree = "<group>"; };
		567DE08B23B7D6C50079C385 /* Base */ = {isa = PBXFileReference; lastKnownFileType = file.storyboard; name = Base; path = Base.lproj/Main.storyboard; sourceTree = "<group>"; };
		567DE08D23B7D6CA0079C385 /* Assets.xcassets */ = {isa = PBXFileReference; lastKnownFileType = folder.assetcatalog; path = Assets.xcassets; sourceTree = "<group>"; };
		567DE09023B7D6CA0079C385 /* Base */ = {isa = PBXFileReference; lastKnownFileType = file.storyboard; name = Base; path = Base.lproj/LaunchScreen.storyboard; sourceTree = "<group>"; };
		567DE09223B7D6CA0079C385 /* Info.plist */ = {isa = PBXFileReference; lastKnownFileType = text.plist.xml; path = Info.plist; sourceTree = "<group>"; };
		567DE09723B7D6CA0079C385 /* TemplateTests.xctest */ = {isa = PBXFileReference; explicitFileType = wrapper.cfbundle; includeInIndex = 0; path = TemplateTests.xctest; sourceTree = BUILT_PRODUCTS_DIR; };
		567DE09B23B7D6CA0079C385 /* TemplateTests.swift */ = {isa = PBXFileReference; lastKnownFileType = sourcecode.swift; path = TemplateTests.swift; sourceTree = "<group>"; };
		567DE09D23B7D6CA0079C385 /* Info.plist */ = {isa = PBXFileReference; lastKnownFileType = text.plist.xml; path = Info.plist; sourceTree = "<group>"; };
		567DE0A223B7D6CA0079C385 /* TemplateUITests.xctest */ = {isa = PBXFileReference; explicitFileType = wrapper.cfbundle; includeInIndex = 0; path = TemplateUITests.xctest; sourceTree = BUILT_PRODUCTS_DIR; };
		567DE0A623B7D6CA0079C385 /* TemplateUITests.swift */ = {isa = PBXFileReference; lastKnownFileType = sourcecode.swift; path = TemplateUITests.swift; sourceTree = "<group>"; };
		567DE0A823B7D6CA0079C385 /* Info.plist */ = {isa = PBXFileReference; lastKnownFileType = text.plist.xml; path = Info.plist; sourceTree = "<group>"; };
		567DE0E123B7DC610079C385 /* Style.swift */ = {isa = PBXFileReference; lastKnownFileType = sourcecode.swift; path = Style.swift; sourceTree = "<group>"; };
		567DE0E323B7E0150079C385 /* DateExtension.swift */ = {isa = PBXFileReference; lastKnownFileType = sourcecode.swift; path = DateExtension.swift; sourceTree = "<group>"; };
		567DE0E523B7E1210079C385 /* Constants.swift */ = {isa = PBXFileReference; lastKnownFileType = sourcecode.swift; path = Constants.swift; sourceTree = "<group>"; };
		567DE0E723B7EA3A0079C385 /* AlertExtension.swift */ = {isa = PBXFileReference; lastKnownFileType = sourcecode.swift; path = AlertExtension.swift; sourceTree = "<group>"; };
		567DE0E923BBC2CF0079C385 /* ExampleVC.swift */ = {isa = PBXFileReference; lastKnownFileType = sourcecode.swift; path = ExampleVC.swift; sourceTree = "<group>"; };
		567DE0EB23BBC3050079C385 /* ExampleVC+UI.swift */ = {isa = PBXFileReference; lastKnownFileType = sourcecode.swift; path = "ExampleVC+UI.swift"; sourceTree = "<group>"; };
		567DE0ED23BD1EE80079C385 /* CustomButton.swift */ = {isa = PBXFileReference; lastKnownFileType = sourcecode.swift; path = CustomButton.swift; sourceTree = "<group>"; };
		567DE0EF23BD50360079C385 /* CustomTextField.swift */ = {isa = PBXFileReference; lastKnownFileType = sourcecode.swift; path = CustomTextField.swift; sourceTree = "<group>"; };
		56AA256523BD677000177E48 /* UIViewControllerExtension.swift */ = {isa = PBXFileReference; lastKnownFileType = sourcecode.swift; path = UIViewControllerExtension.swift; sourceTree = "<group>"; };
		56AA256723BD747A00177E48 /* DashboardTVC.swift */ = {isa = PBXFileReference; lastKnownFileType = sourcecode.swift; path = DashboardTVC.swift; sourceTree = "<group>"; };
		56AA256923BD750500177E48 /* DashboardCard.swift */ = {isa = PBXFileReference; lastKnownFileType = sourcecode.swift; path = DashboardCard.swift; sourceTree = "<group>"; };
		56AA256B23BD75A100177E48 /* DashboardTVC+UI.swift */ = {isa = PBXFileReference; lastKnownFileType = sourcecode.swift; path = "DashboardTVC+UI.swift"; sourceTree = "<group>"; };
		56AA256F23BD81AD00177E48 /* UIColorExtension.swift */ = {isa = PBXFileReference; lastKnownFileType = sourcecode.swift; path = UIColorExtension.swift; sourceTree = "<group>"; };
		56AA257723BE749500177E48 /* UIViewExtension.swift */ = {isa = PBXFileReference; fileEncoding = 4; lastKnownFileType = sourcecode.swift; path = UIViewExtension.swift; sourceTree = "<group>"; };
		56AA257923BE74F100177E48 /* UISearchBarExtension.swift */ = {isa = PBXFileReference; fileEncoding = 4; lastKnownFileType = sourcecode.swift; path = UISearchBarExtension.swift; sourceTree = "<group>"; };
		56AA257B23BE753500177E48 /* UIButtonExtension.swift */ = {isa = PBXFileReference; fileEncoding = 4; lastKnownFileType = sourcecode.swift; path = UIButtonExtension.swift; sourceTree = "<group>"; };
		56AA257D23BE766C00177E48 /* StringExtensions.swift */ = {isa = PBXFileReference; fileEncoding = 4; lastKnownFileType = sourcecode.swift; path = StringExtensions.swift; sourceTree = "<group>"; };
		56AA257F23BE769F00177E48 /* ErrorExtension.swift */ = {isa = PBXFileReference; fileEncoding = 4; lastKnownFileType = sourcecode.swift; path = ErrorExtension.swift; sourceTree = "<group>"; };
		56AA258123BE771A00177E48 /* SpinnerExtension.swift */ = {isa = PBXFileReference; fileEncoding = 4; lastKnownFileType = sourcecode.swift; path = SpinnerExtension.swift; sourceTree = "<group>"; };
		56AA258323BE774400177E48 /* ArrayExtension.swift */ = {isa = PBXFileReference; fileEncoding = 4; lastKnownFileType = sourcecode.swift; path = ArrayExtension.swift; sourceTree = "<group>"; };
		56AA258523BE777800177E48 /* ImageViewExtension.swift */ = {isa = PBXFileReference; fileEncoding = 4; lastKnownFileType = sourcecode.swift; path = ImageViewExtension.swift; sourceTree = "<group>"; };
		56AA258723BE77CF00177E48 /* ConnectionManager.swift */ = {isa = PBXFileReference; fileEncoding = 4; lastKnownFileType = sourcecode.swift; path = ConnectionManager.swift; sourceTree = "<group>"; };
		56AA258923BE77FC00177E48 /* Reachability.swift */ = {isa = PBXFileReference; fileEncoding = 4; lastKnownFileType = sourcecode.swift; path = Reachability.swift; sourceTree = "<group>"; };
		56AA258B23BE78A800177E48 /* FloatingButton.swift */ = {isa = PBXFileReference; fileEncoding = 4; lastKnownFileType = sourcecode.swift; path = FloatingButton.swift; sourceTree = "<group>"; };
		56AA258C23BE78A800177E48 /* LoadingService.swift */ = {isa = PBXFileReference; fileEncoding = 4; lastKnownFileType = sourcecode.swift; path = LoadingService.swift; sourceTree = "<group>"; };
		56AA258D23BE78A800177E48 /* ImagePicker.swift */ = {isa = PBXFileReference; fileEncoding = 4; lastKnownFileType = sourcecode.swift; path = ImagePicker.swift; sourceTree = "<group>"; };
		56AA259123BE7B3C00177E48 /* HideKeyboard.swift */ = {isa = PBXFileReference; fileEncoding = 4; lastKnownFileType = sourcecode.swift; path = HideKeyboard.swift; sourceTree = "<group>"; };
		56AA259323BE7F7500177E48 /* CustomView.swift */ = {isa = PBXFileReference; lastKnownFileType = sourcecode.swift; path = CustomView.swift; sourceTree = "<group>"; };
		56B1A46D23BE986F00A636EB /* UITableViewExtension.swift */ = {isa = PBXFileReference; fileEncoding = 4; lastKnownFileType = sourcecode.swift; path = UITableViewExtension.swift; sourceTree = "<group>"; };
/* End PBXFileReference section */

/* Begin PBXFrameworksBuildPhase section */
		567DE07E23B7D6C50079C385 /* Frameworks */ = {
			isa = PBXFrameworksBuildPhase;
			buildActionMask = 2147483647;
			files = (
			);
			runOnlyForDeploymentPostprocessing = 0;
		};
		567DE09423B7D6CA0079C385 /* Frameworks */ = {
			isa = PBXFrameworksBuildPhase;
			buildActionMask = 2147483647;
			files = (
			);
			runOnlyForDeploymentPostprocessing = 0;
		};
		567DE09F23B7D6CA0079C385 /* Frameworks */ = {
			isa = PBXFrameworksBuildPhase;
			buildActionMask = 2147483647;
			files = (
			);
			runOnlyForDeploymentPostprocessing = 0;
		};
/* End PBXFrameworksBuildPhase section */

/* Begin PBXGroup section */
		567DE07823B7D6C50079C385 = {
			isa = PBXGroup;
			children = (
				567DE08323B7D6C50079C385 /* Template */,
				567DE09A23B7D6CA0079C385 /* TemplateTests */,
				567DE0A523B7D6CA0079C385 /* TemplateUITests */,
				567DE08223B7D6C50079C385 /* Products */,
			);
			sourceTree = "<group>";
		};
		567DE08223B7D6C50079C385 /* Products */ = {
			isa = PBXGroup;
			children = (
				567DE08123B7D6C50079C385 /* Template.app */,
				567DE09723B7D6CA0079C385 /* TemplateTests.xctest */,
				567DE0A223B7D6CA0079C385 /* TemplateUITests.xctest */,
			);
			name = Products;
			sourceTree = "<group>";
		};
		567DE08323B7D6C50079C385 /* Template */ = {
			isa = PBXGroup;
			children = (
				567DE08423B7D6C50079C385 /* AppDelegate.swift */,
				567DE08623B7D6C50079C385 /* SceneDelegate.swift */,
				567DE0E523B7E1210079C385 /* Constants.swift */,
				567DE0E123B7DC610079C385 /* Style.swift */,
				567DE0B623B7D72A0079C385 /* Extension */,
				567DE0B523B7D71A0079C385 /* Service */,
				567DE0B423B7D70E0079C385 /* Helper */,
				567DE0B723B7D7340079C385 /* Model */,
				567DE0B823B7D73A0079C385 /* View */,
				567DE0B923B7D7440079C385 /* Controller */,
				567DE08D23B7D6CA0079C385 /* Assets.xcassets */,
				567DE08A23B7D6C50079C385 /* Main.storyboard */,
				567DE08F23B7D6CA0079C385 /* LaunchScreen.storyboard */,
				567DE09223B7D6CA0079C385 /* Info.plist */,
			);
			path = Template;
			sourceTree = "<group>";
		};
		567DE09A23B7D6CA0079C385 /* TemplateTests */ = {
			isa = PBXGroup;
			children = (
				567DE09B23B7D6CA0079C385 /* TemplateTests.swift */,
				567DE09D23B7D6CA0079C385 /* Info.plist */,
			);
			path = TemplateTests;
			sourceTree = "<group>";
		};
		567DE0A523B7D6CA0079C385 /* TemplateUITests */ = {
			isa = PBXGroup;
			children = (
				567DE0A623B7D6CA0079C385 /* TemplateUITests.swift */,
				567DE0A823B7D6CA0079C385 /* Info.plist */,
			);
			path = TemplateUITests;
			sourceTree = "<group>";
		};
		567DE0B423B7D70E0079C385 /* Helper */ = {
			isa = PBXGroup;
			children = (
				56AA258723BE77CF00177E48 /* ConnectionManager.swift */,
				56AA258923BE77FC00177E48 /* Reachability.swift */,
				56AA258B23BE78A800177E48 /* FloatingButton.swift */,
				56AA258D23BE78A800177E48 /* ImagePicker.swift */,
				56AA258C23BE78A800177E48 /* LoadingService.swift */,
				56AA259123BE7B3C00177E48 /* HideKeyboard.swift */,
				56AA259323BE7F7500177E48 /* CustomView.swift */,
				567DE0ED23BD1EE80079C385 /* CustomButton.swift */,
				567DE0EF23BD50360079C385 /* CustomTextField.swift */,
			);
			path = Helper;
			sourceTree = "<group>";
		};
		567DE0B523B7D71A0079C385 /* Service */ = {
			isa = PBXGroup;
			children = (
			);
			path = Service;
			sourceTree = "<group>";
		};
		567DE0B623B7D72A0079C385 /* Extension */ = {
			isa = PBXGroup;
			children = (
				56AA257723BE749500177E48 /* UIViewExtension.swift */,
				56B1A46D23BE986F00A636EB /* UITableViewExtension.swift */,
				56AA257923BE74F100177E48 /* UISearchBarExtension.swift */,
				56AA257B23BE753500177E48 /* UIButtonExtension.swift */,
				56AA257D23BE766C00177E48 /* StringExtensions.swift */,
				56AA257F23BE769F00177E48 /* ErrorExtension.swift */,
				56AA258123BE771A00177E48 /* SpinnerExtension.swift */,
				56AA258323BE774400177E48 /* ArrayExtension.swift */,
				56AA258523BE777800177E48 /* ImageViewExtension.swift */,
				567DE0E323B7E0150079C385 /* DateExtension.swift */,
				567DE0E723B7EA3A0079C385 /* AlertExtension.swift */,
				56AA256523BD677000177E48 /* UIViewControllerExtension.swift */,
				56AA256F23BD81AD00177E48 /* UIColorExtension.swift */,
			);
			path = Extension;
			sourceTree = "<group>";
		};
		567DE0B723B7D7340079C385 /* Model */ = {
			isa = PBXGroup;
			children = (
			);
			path = Model;
			sourceTree = "<group>";
		};
		567DE0B823B7D73A0079C385 /* View */ = {
			isa = PBXGroup;
			children = (
			);
			path = View;
			sourceTree = "<group>";
		};
		567DE0B923B7D7440079C385 /* Controller */ = {
			isa = PBXGroup;
			children = (
				567DE0BA23B7D77F0079C385 /* XIBs */,
				567DE0E923BBC2CF0079C385 /* ExampleVC.swift */,
				567DE0EB23BBC3050079C385 /* ExampleVC+UI.swift */,
				56AA256723BD747A00177E48 /* DashboardTVC.swift */,
				56AA256B23BD75A100177E48 /* DashboardTVC+UI.swift */,
				56AA256923BD750500177E48 /* DashboardCard.swift */,
			);
			path = Controller;
			sourceTree = "<group>";
		};
		567DE0BA23B7D77F0079C385 /* XIBs */ = {
			isa = PBXGroup;
			children = (
			);
			path = XIBs;
			sourceTree = "<group>";
		};
/* End PBXGroup section */

/* Begin PBXNativeTarget section */
		567DE08023B7D6C50079C385 /* Template */ = {
			isa = PBXNativeTarget;
			buildConfigurationList = 567DE0AB23B7D6CA0079C385 /* Build configuration list for PBXNativeTarget "Template" */;
			buildPhases = (
				567DE07D23B7D6C50079C385 /* Sources */,
				567DE07E23B7D6C50079C385 /* Frameworks */,
				567DE07F23B7D6C50079C385 /* Resources */,
			);
			buildRules = (
			);
			dependencies = (
			);
			name = Template;
			productName = Template;
			productReference = 567DE08123B7D6C50079C385 /* Template.app */;
			productType = "com.apple.product-type.application";
		};
		567DE09623B7D6CA0079C385 /* TemplateTests */ = {
			isa = PBXNativeTarget;
			buildConfigurationList = 567DE0AE23B7D6CA0079C385 /* Build configuration list for PBXNativeTarget "TemplateTests" */;
			buildPhases = (
				567DE09323B7D6CA0079C385 /* Sources */,
				567DE09423B7D6CA0079C385 /* Frameworks */,
				567DE09523B7D6CA0079C385 /* Resources */,
			);
			buildRules = (
			);
			dependencies = (
				567DE09923B7D6CA0079C385 /* PBXTargetDependency */,
			);
			name = TemplateTests;
			productName = TemplateTests;
			productReference = 567DE09723B7D6CA0079C385 /* TemplateTests.xctest */;
			productType = "com.apple.product-type.bundle.unit-test";
		};
		567DE0A123B7D6CA0079C385 /* TemplateUITests */ = {
			isa = PBXNativeTarget;
			buildConfigurationList = 567DE0B123B7D6CA0079C385 /* Build configuration list for PBXNativeTarget "TemplateUITests" */;
			buildPhases = (
				567DE09E23B7D6CA0079C385 /* Sources */,
				567DE09F23B7D6CA0079C385 /* Frameworks */,
				567DE0A023B7D6CA0079C385 /* Resources */,
			);
			buildRules = (
			);
			dependencies = (
				567DE0A423B7D6CA0079C385 /* PBXTargetDependency */,
			);
			name = TemplateUITests;
			productName = TemplateUITests;
			productReference = 567DE0A223B7D6CA0079C385 /* TemplateUITests.xctest */;
			productType = "com.apple.product-type.bundle.ui-testing";
		};
/* End PBXNativeTarget section */

/* Begin PBXProject section */
		567DE07923B7D6C50079C385 /* Project object */ = {
			isa = PBXProject;
			attributes = {
				LastSwiftUpdateCheck = 1100;
				LastUpgradeCheck = 1100;
				ORGANIZATIONNAME = Georg;
				TargetAttributes = {
					567DE08023B7D6C50079C385 = {
						CreatedOnToolsVersion = 11.0;
					};
					567DE09623B7D6CA0079C385 = {
						CreatedOnToolsVersion = 11.0;
						TestTargetID = 567DE08023B7D6C50079C385;
					};
					567DE0A123B7D6CA0079C385 = {
						CreatedOnToolsVersion = 11.0;
						TestTargetID = 567DE08023B7D6C50079C385;
					};
				};
			};
			buildConfigurationList = 567DE07C23B7D6C50079C385 /* Build configuration list for PBXProject "Template" */;
			compatibilityVersion = "Xcode 9.3";
			developmentRegion = en;
			hasScannedForEncodings = 0;
			knownRegions = (
				en,
				Base,
			);
			mainGroup = 567DE07823B7D6C50079C385;
			productRefGroup = 567DE08223B7D6C50079C385 /* Products */;
			projectDirPath = "";
			projectRoot = "";
			targets = (
				567DE08023B7D6C50079C385 /* Template */,
				567DE09623B7D6CA0079C385 /* TemplateTests */,
				567DE0A123B7D6CA0079C385 /* TemplateUITests */,
			);
		};
/* End PBXProject section */

/* Begin PBXResourcesBuildPhase section */
		567DE07F23B7D6C50079C385 /* Resources */ = {
			isa = PBXResourcesBuildPhase;
			buildActionMask = 2147483647;
			files = (
				567DE09123B7D6CA0079C385 /* LaunchScreen.storyboard in Resources */,
				567DE08E23B7D6CA0079C385 /* Assets.xcassets in Resources */,
				567DE08C23B7D6C50079C385 /* Main.storyboard in Resources */,
			);
			runOnlyForDeploymentPostprocessing = 0;
		};
		567DE09523B7D6CA0079C385 /* Resources */ = {
			isa = PBXResourcesBuildPhase;
			buildActionMask = 2147483647;
			files = (
			);
			runOnlyForDeploymentPostprocessing = 0;
		};
		567DE0A023B7D6CA0079C385 /* Resources */ = {
			isa = PBXResourcesBuildPhase;
			buildActionMask = 2147483647;
			files = (
			);
			runOnlyForDeploymentPostprocessing = 0;
		};
/* End PBXResourcesBuildPhase section */

/* Begin PBXSourcesBuildPhase section */
		567DE07D23B7D6C50079C385 /* Sources */ = {
			isa = PBXSourcesBuildPhase;
			buildActionMask = 2147483647;
			files = (
				567DE0EE23BD1EE90079C385 /* CustomButton.swift in Sources */,
				56AA259423BE7F7500177E48 /* CustomView.swift in Sources */,
				567DE0E623B7E1210079C385 /* Constants.swift in Sources */,
				567DE0E423B7E0150079C385 /* DateExtension.swift in Sources */,
				567DE0E823B7EA3A0079C385 /* AlertExtension.swift in Sources */,
				567DE0F023BD50360079C385 /* CustomTextField.swift in Sources */,
				56AA256C23BD75A100177E48 /* DashboardTVC+UI.swift in Sources */,
				56AA257C23BE753500177E48 /* UIButtonExtension.swift in Sources */,
				56AA258423BE774400177E48 /* ArrayExtension.swift in Sources */,
				56AA257023BD81AD00177E48 /* UIColorExtension.swift in Sources */,
				56AA258223BE771A00177E48 /* SpinnerExtension.swift in Sources */,
				56AA258623BE777800177E48 /* ImageViewExtension.swift in Sources */,
				56AA258F23BE78A800177E48 /* LoadingService.swift in Sources */,
				56AA259023BE78A800177E48 /* ImagePicker.swift in Sources */,
				56AA256623BD677000177E48 /* UIViewControllerExtension.swift in Sources */,
				567DE0EC23BBC3050079C385 /* ExampleVC+UI.swift in Sources */,
				567DE08523B7D6C50079C385 /* AppDelegate.swift in Sources */,
				567DE0EA23BBC2CF0079C385 /* ExampleVC.swift in Sources */,
				56AA258E23BE78A800177E48 /* FloatingButton.swift in Sources */,
				56B1A46E23BE986F00A636EB /* UITableViewExtension.swift in Sources */,
				56AA258023BE76A000177E48 /* ErrorExtension.swift in Sources */,
				56AA257823BE749500177E48 /* UIViewExtension.swift in Sources */,
				56AA256823BD747A00177E48 /* DashboardTVC.swift in Sources */,
				56AA257E23BE766C00177E48 /* StringExtensions.swift in Sources */,
				56AA259223BE7B3C00177E48 /* HideKeyboard.swift in Sources */,
				56AA257A23BE74F100177E48 /* UISearchBarExtension.swift in Sources */,
				56AA256A23BD750500177E48 /* DashboardCard.swift in Sources */,
				56AA258823BE77CF00177E48 /* ConnectionManager.swift in Sources */,
				567DE08723B7D6C50079C385 /* SceneDelegate.swift in Sources */,
				56AA258A23BE77FC00177E48 /* Reachability.swift in Sources */,
				567DE0E223B7DC610079C385 /* Style.swift in Sources */,
			);
			runOnlyForDeploymentPostprocessing = 0;
		};
		567DE09323B7D6CA0079C385 /* Sources */ = {
			isa = PBXSourcesBuildPhase;
			buildActionMask = 2147483647;
			files = (
				567DE09C23B7D6CA0079C385 /* TemplateTests.swift in Sources */,
			);
			runOnlyForDeploymentPostprocessing = 0;
		};
		567DE09E23B7D6CA0079C385 /* Sources */ = {
			isa = PBXSourcesBuildPhase;
			buildActionMask = 2147483647;
			files = (
				567DE0A723B7D6CA0079C385 /* TemplateUITests.swift in Sources */,
			);
			runOnlyForDeploymentPostprocessing = 0;
		};
/* End PBXSourcesBuildPhase section */

/* Begin PBXTargetDependency section */
		567DE09923B7D6CA0079C385 /* PBXTargetDependency */ = {
			isa = PBXTargetDependency;
			target = 567DE08023B7D6C50079C385 /* Template */;
			targetProxy = 567DE09823B7D6CA0079C385 /* PBXContainerItemProxy */;
		};
		567DE0A423B7D6CA0079C385 /* PBXTargetDependency */ = {
			isa = PBXTargetDependency;
			target = 567DE08023B7D6C50079C385 /* Template */;
			targetProxy = 567DE0A323B7D6CA0079C385 /* PBXContainerItemProxy */;
		};
/* End PBXTargetDependency section */

/* Begin PBXVariantGroup section */
		567DE08A23B7D6C50079C385 /* Main.storyboard */ = {
			isa = PBXVariantGroup;
			children = (
				567DE08B23B7D6C50079C385 /* Base */,
			);
			name = Main.storyboard;
			sourceTree = "<group>";
		};
		567DE08F23B7D6CA0079C385 /* LaunchScreen.storyboard */ = {
			isa = PBXVariantGroup;
			children = (
				567DE09023B7D6CA0079C385 /* Base */,
			);
			name = LaunchScreen.storyboard;
			sourceTree = "<group>";
		};
/* End PBXVariantGroup section */

/* Begin XCBuildConfiguration section */
		567DE0A923B7D6CA0079C385 /* Debug */ = {
			isa = XCBuildConfiguration;
			buildSettings = {
				ALWAYS_SEARCH_USER_PATHS = NO;
				CLANG_ANALYZER_NONNULL = YES;
				CLANG_ANALYZER_NUMBER_OBJECT_CONVERSION = YES_AGGRESSIVE;
				CLANG_CXX_LANGUAGE_STANDARD = "gnu++14";
				CLANG_CXX_LIBRARY = "libc++";
				CLANG_ENABLE_MODULES = YES;
				CLANG_ENABLE_OBJC_ARC = YES;
				CLANG_ENABLE_OBJC_WEAK = YES;
				CLANG_WARN_BLOCK_CAPTURE_AUTORELEASING = YES;
				CLANG_WARN_BOOL_CONVERSION = YES;
				CLANG_WARN_COMMA = YES;
				CLANG_WARN_CONSTANT_CONVERSION = YES;
				CLANG_WARN_DEPRECATED_OBJC_IMPLEMENTATIONS = YES;
				CLANG_WARN_DIRECT_OBJC_ISA_USAGE = YES_ERROR;
				CLANG_WARN_DOCUMENTATION_COMMENTS = YES;
				CLANG_WARN_EMPTY_BODY = YES;
				CLANG_WARN_ENUM_CONVERSION = YES;
				CLANG_WARN_INFINITE_RECURSION = YES;
				CLANG_WARN_INT_CONVERSION = YES;
				CLANG_WARN_NON_LITERAL_NULL_CONVERSION = YES;
				CLANG_WARN_OBJC_IMPLICIT_RETAIN_SELF = YES;
				CLANG_WARN_OBJC_LITERAL_CONVERSION = YES;
				CLANG_WARN_OBJC_ROOT_CLASS = YES_ERROR;
				CLANG_WARN_RANGE_LOOP_ANALYSIS = YES;
				CLANG_WARN_STRICT_PROTOTYPES = YES;
				CLANG_WARN_SUSPICIOUS_MOVE = YES;
				CLANG_WARN_UNGUARDED_AVAILABILITY = YES_AGGRESSIVE;
				CLANG_WARN_UNREACHABLE_CODE = YES;
				CLANG_WARN__DUPLICATE_METHOD_MATCH = YES;
				COPY_PHASE_STRIP = NO;
				DEBUG_INFORMATION_FORMAT = dwarf;
				ENABLE_STRICT_OBJC_MSGSEND = YES;
				ENABLE_TESTABILITY = YES;
				GCC_C_LANGUAGE_STANDARD = gnu11;
				GCC_DYNAMIC_NO_PIC = NO;
				GCC_NO_COMMON_BLOCKS = YES;
				GCC_OPTIMIZATION_LEVEL = 0;
				GCC_PREPROCESSOR_DEFINITIONS = (
					"DEBUG=1",
					"$(inherited)",
				);
				GCC_WARN_64_TO_32_BIT_CONVERSION = YES;
				GCC_WARN_ABOUT_RETURN_TYPE = YES_ERROR;
				GCC_WARN_UNDECLARED_SELECTOR = YES;
				GCC_WARN_UNINITIALIZED_AUTOS = YES_AGGRESSIVE;
				GCC_WARN_UNUSED_FUNCTION = YES;
				GCC_WARN_UNUSED_VARIABLE = YES;
				IPHONEOS_DEPLOYMENT_TARGET = 13.0;
				MTL_ENABLE_DEBUG_INFO = INCLUDE_SOURCE;
				MTL_FAST_MATH = YES;
				ONLY_ACTIVE_ARCH = YES;
				SDKROOT = iphoneos;
				SWIFT_ACTIVE_COMPILATION_CONDITIONS = DEBUG;
				SWIFT_OPTIMIZATION_LEVEL = "-Onone";
			};
			name = Debug;
		};
		567DE0AA23B7D6CA0079C385 /* Release */ = {
			isa = XCBuildConfiguration;
			buildSettings = {
				ALWAYS_SEARCH_USER_PATHS = NO;
				CLANG_ANALYZER_NONNULL = YES;
				CLANG_ANALYZER_NUMBER_OBJECT_CONVERSION = YES_AGGRESSIVE;
				CLANG_CXX_LANGUAGE_STANDARD = "gnu++14";
				CLANG_CXX_LIBRARY = "libc++";
				CLANG_ENABLE_MODULES = YES;
				CLANG_ENABLE_OBJC_ARC = YES;
				CLANG_ENABLE_OBJC_WEAK = YES;
				CLANG_WARN_BLOCK_CAPTURE_AUTORELEASING = YES;
				CLANG_WARN_BOOL_CONVERSION = YES;
				CLANG_WARN_COMMA = YES;
				CLANG_WARN_CONSTANT_CONVERSION = YES;
				CLANG_WARN_DEPRECATED_OBJC_IMPLEMENTATIONS = YES;
				CLANG_WARN_DIRECT_OBJC_ISA_USAGE = YES_ERROR;
				CLANG_WARN_DOCUMENTATION_COMMENTS = YES;
				CLANG_WARN_EMPTY_BODY = YES;
				CLANG_WARN_ENUM_CONVERSION = YES;
				CLANG_WARN_INFINITE_RECURSION = YES;
				CLANG_WARN_INT_CONVERSION = YES;
				CLANG_WARN_NON_LITERAL_NULL_CONVERSION = YES;
				CLANG_WARN_OBJC_IMPLICIT_RETAIN_SELF = YES;
				CLANG_WARN_OBJC_LITERAL_CONVERSION = YES;
				CLANG_WARN_OBJC_ROOT_CLASS = YES_ERROR;
				CLANG_WARN_RANGE_LOOP_ANALYSIS = YES;
				CLANG_WARN_STRICT_PROTOTYPES = YES;
				CLANG_WARN_SUSPICIOUS_MOVE = YES;
				CLANG_WARN_UNGUARDED_AVAILABILITY = YES_AGGRESSIVE;
				CLANG_WARN_UNREACHABLE_CODE = YES;
				CLANG_WARN__DUPLICATE_METHOD_MATCH = YES;
				COPY_PHASE_STRIP = NO;
				DEBUG_INFORMATION_FORMAT = "dwarf-with-dsym";
				ENABLE_NS_ASSERTIONS = NO;
				ENABLE_STRICT_OBJC_MSGSEND = YES;
				GCC_C_LANGUAGE_STANDARD = gnu11;
				GCC_NO_COMMON_BLOCKS = YES;
				GCC_WARN_64_TO_32_BIT_CONVERSION = YES;
				GCC_WARN_ABOUT_RETURN_TYPE = YES_ERROR;
				GCC_WARN_UNDECLARED_SELECTOR = YES;
				GCC_WARN_UNINITIALIZED_AUTOS = YES_AGGRESSIVE;
				GCC_WARN_UNUSED_FUNCTION = YES;
				GCC_WARN_UNUSED_VARIABLE = YES;
				IPHONEOS_DEPLOYMENT_TARGET = 13.0;
				MTL_ENABLE_DEBUG_INFO = NO;
				MTL_FAST_MATH = YES;
				SDKROOT = iphoneos;
				SWIFT_COMPILATION_MODE = wholemodule;
				SWIFT_OPTIMIZATION_LEVEL = "-O";
				VALIDATE_PRODUCT = YES;
			};
			name = Release;
		};
		567DE0AC23B7D6CA0079C385 /* Debug */ = {
			isa = XCBuildConfiguration;
			buildSettings = {
				ASSETCATALOG_COMPILER_APPICON_NAME = AppIcon;
				CODE_SIGN_STYLE = Automatic;
				DEVELOPMENT_TEAM = 4ZLBWEC93L;
				INFOPLIST_FILE = Template/Info.plist;
				LD_RUNPATH_SEARCH_PATHS = (
					"$(inherited)",
					"@executable_path/Frameworks",
				);
				PRODUCT_BUNDLE_IDENTIFIER = georgefed.Template;
				PRODUCT_NAME = "$(TARGET_NAME)";
				SWIFT_VERSION = 5.0;
				TARGETED_DEVICE_FAMILY = "1,2";
			};
			name = Debug;
		};
		567DE0AD23B7D6CA0079C385 /* Release */ = {
			isa = XCBuildConfiguration;
			buildSettings = {
				ASSETCATALOG_COMPILER_APPICON_NAME = AppIcon;
				CODE_SIGN_STYLE = Automatic;
				DEVELOPMENT_TEAM = 4ZLBWEC93L;
				INFOPLIST_FILE = Template/Info.plist;
				LD_RUNPATH_SEARCH_PATHS = (
					"$(inherited)",
					"@executable_path/Frameworks",
				);
				PRODUCT_BUNDLE_IDENTIFIER = georgefed.Template;
				PRODUCT_NAME = "$(TARGET_NAME)";
				SWIFT_VERSION = 5.0;
				TARGETED_DEVICE_FAMILY = "1,2";
			};
			name = Release;
		};
		567DE0AF23B7D6CA0079C385 /* Debug */ = {
			isa = XCBuildConfiguration;
			buildSettings = {
				ALWAYS_EMBED_SWIFT_STANDARD_LIBRARIES = YES;
				BUNDLE_LOADER = "$(TEST_HOST)";
				CODE_SIGN_STYLE = Automatic;
				DEVELOPMENT_TEAM = 4ZLBWEC93L;
				INFOPLIST_FILE = TemplateTests/Info.plist;
				IPHONEOS_DEPLOYMENT_TARGET = 13.0;
				LD_RUNPATH_SEARCH_PATHS = (
					"$(inherited)",
					"@executable_path/Frameworks",
					"@loader_path/Frameworks",
				);
				PRODUCT_BUNDLE_IDENTIFIER = georgefed.TemplateTests;
				PRODUCT_NAME = "$(TARGET_NAME)";
				SWIFT_VERSION = 5.0;
				TARGETED_DEVICE_FAMILY = "1,2";
				TEST_HOST = "$(BUILT_PRODUCTS_DIR)/Template.app/Template";
			};
			name = Debug;
		};
		567DE0B023B7D6CA0079C385 /* Release */ = {
			isa = XCBuildConfiguration;
			buildSettings = {
				ALWAYS_EMBED_SWIFT_STANDARD_LIBRARIES = YES;
				BUNDLE_LOADER = "$(TEST_HOST)";
				CODE_SIGN_STYLE = Automatic;
				DEVELOPMENT_TEAM = 4ZLBWEC93L;
				INFOPLIST_FILE = TemplateTests/Info.plist;
				IPHONEOS_DEPLOYMENT_TARGET = 13.0;
				LD_RUNPATH_SEARCH_PATHS = (
					"$(inherited)",
					"@executable_path/Frameworks",
					"@loader_path/Frameworks",
				);
				PRODUCT_BUNDLE_IDENTIFIER = georgefed.TemplateTests;
				PRODUCT_NAME = "$(TARGET_NAME)";
				SWIFT_VERSION = 5.0;
				TARGETED_DEVICE_FAMILY = "1,2";
				TEST_HOST = "$(BUILT_PRODUCTS_DIR)/Template.app/Template";
			};
			name = Release;
		};
		567DE0B223B7D6CA0079C385 /* Debug */ = {
			isa = XCBuildConfiguration;
			buildSettings = {
				ALWAYS_EMBED_SWIFT_STANDARD_LIBRARIES = YES;
				CODE_SIGN_STYLE = Automatic;
				DEVELOPMENT_TEAM = 4ZLBWEC93L;
				INFOPLIST_FILE = TemplateUITests/Info.plist;
				LD_RUNPATH_SEARCH_PATHS = (
					"$(inherited)",
					"@executable_path/Frameworks",
					"@loader_path/Frameworks",
				);
				PRODUCT_BUNDLE_IDENTIFIER = georgefed.TemplateUITests;
				PRODUCT_NAME = "$(TARGET_NAME)";
				SWIFT_VERSION = 5.0;
				TARGETED_DEVICE_FAMILY = "1,2";
				TEST_TARGET_NAME = Template;
			};
			name = Debug;
		};
		567DE0B323B7D6CA0079C385 /* Release */ = {
			isa = XCBuildConfiguration;
			buildSettings = {
				ALWAYS_EMBED_SWIFT_STANDARD_LIBRARIES = YES;
				CODE_SIGN_STYLE = Automatic;
				DEVELOPMENT_TEAM = 4ZLBWEC93L;
				INFOPLIST_FILE = TemplateUITests/Info.plist;
				LD_RUNPATH_SEARCH_PATHS = (
					"$(inherited)",
					"@executable_path/Frameworks",
					"@loader_path/Frameworks",
				);
				PRODUCT_BUNDLE_IDENTIFIER = georgefed.TemplateUITests;
				PRODUCT_NAME = "$(TARGET_NAME)";
				SWIFT_VERSION = 5.0;
				TARGETED_DEVICE_FAMILY = "1,2";
				TEST_TARGET_NAME = Template;
			};
			name = Release;
		};
/* End XCBuildConfiguration section */

/* Begin XCConfigurationList section */
		567DE07C23B7D6C50079C385 /* Build configuration list for PBXProject "Template" */ = {
			isa = XCConfigurationList;
			buildConfigurations = (
				567DE0A923B7D6CA0079C385 /* Debug */,
				567DE0AA23B7D6CA0079C385 /* Release */,
			);
			defaultConfigurationIsVisible = 0;
			defaultConfigurationName = Release;
		};
		567DE0AB23B7D6CA0079C385 /* Build configuration list for PBXNativeTarget "Template" */ = {
			isa = XCConfigurationList;
			buildConfigurations = (
				567DE0AC23B7D6CA0079C385 /* Debug */,
				567DE0AD23B7D6CA0079C385 /* Release */,
			);
			defaultConfigurationIsVisible = 0;
			defaultConfigurationName = Release;
		};
		567DE0AE23B7D6CA0079C385 /* Build configuration list for PBXNativeTarget "TemplateTests" */ = {
			isa = XCConfigurationList;
			buildConfigurations = (
				567DE0AF23B7D6CA0079C385 /* Debug */,
				567DE0B023B7D6CA0079C385 /* Release */,
			);
			defaultConfigurationIsVisible = 0;
			defaultConfigurationName = Release;
		};
		567DE0B123B7D6CA0079C385 /* Build configuration list for PBXNativeTarget "TemplateUITests" */ = {
			isa = XCConfigurationList;
			buildConfigurations = (
				567DE0B223B7D6CA0079C385 /* Debug */,
				567DE0B323B7D6CA0079C385 /* Release */,
			);
			defaultConfigurationIsVisible = 0;
			defaultConfigurationName = Release;
		};
/* End XCConfigurationList section */
	};
	rootObject = 567DE07923B7D6C50079C385 /* Project object */;
}
